
Microsoft Visual Studio Solution File, Format Version 12.00
# Visual Studio Version 17
VisualStudioVersion = 17.7.34024.191
MinimumVisualStudioVersion = 10.0.40219.1
Project("{FAE04EC0-301F-11D3-BF4B-00C04F79EFBC}") = "Xadrez-Console", "Xadrez-Console.csproj", "{189A9BD6-2881-4B66-9A9F-96E297115928}"
EndProject
Global
	GlobalSection(SolutionConfigurationPlatforms) = preSolution
		Debug|Any CPU = Debug|Any CPU
		Release|Any CPU = Release|Any CPU
	EndGlobalSection
	GlobalSection(ProjectConfigurationPlatforms) = postSolution
		{189A9BD6-2881-4B66-9A9F-96E297115928}.Debug|Any CPU.ActiveCfg = Debug|Any CPU
		{189A9BD6-2881-4B66-9A9F-96E297115928}.Debug|Any CPU.Build.0 = Debug|Any CPU
		{189A9BD6-2881-4B66-9A9F-96E297115928}.Release|Any CPU.ActiveCfg = Release|Any CPU
		{189A9BD6-2881-4B66-9A9F-96E297115928}.Release|Any CPU.Build.0 = Release|Any CPU
	EndGlobalSection
	GlobalSection(SolutionProperties) = preSolution
		HideSolutionNode = FALSE
	EndGlobalSection
	GlobalSection(ExtensibilityGlobals) = postSolution
		SolutionGuid = {6707B06E-23E6-470F-8939-49F36277876A}
	EndGlobalSection
EndGlobal
